
Microsoft Visual Studio Solution File, Format Version 12.00
# Visual Studio Version 17
VisualStudioVersion = 17.3.32804.467
MinimumVisualStudioVersion = 10.0.40219.1
Project("{9A19103F-16F7-4668-BE54-9A1E7A4F7556}") = "Sequences", "Sequences\Sequences.csproj", "{4E7861FB-5C51-44CB-89A6-3FEB46AC12C0}"
EndProject
Project("{FAE04EC0-301F-11D3-BF4B-00C04F79EFBC}") = "SandBox", "SandBox\SandBox.csproj", "{1B8A1CDD-87DF-480F-8FF3-DF738A2A8444}"
EndProject
Global
	GlobalSection(SolutionConfigurationPlatforms) = preSolution
		Debug|Any CPU = Debug|Any CPU
		Release|Any CPU = Release|Any CPU
	EndGlobalSection
	GlobalSection(ProjectConfigurationPlatforms) = postSolution
		{4E7861FB-5C51-44CB-89A6-3FEB46AC12C0}.Debug|Any CPU.ActiveCfg = Debug|Any CPU
		{4E7861FB-5C51-44CB-89A6-3FEB46AC12C0}.Debug|Any CPU.Build.0 = Debug|Any CPU
		{4E7861FB-5C51-44CB-89A6-3FEB46AC12C0}.Release|Any CPU.ActiveCfg = Release|Any CPU
		{4E7861FB-5C51-44CB-89A6-3FEB46AC12C0}.Release|Any CPU.Build.0 = Release|Any CPU
		{1B8A1CDD-87DF-480F-8FF3-DF738A2A8444}.Debug|Any CPU.ActiveCfg = Debug|Any CPU
		{1B8A1CDD-87DF-480F-8FF3-DF738A2A8444}.Debug|Any CPU.Build.0 = Debug|Any CPU
		{1B8A1CDD-87DF-480F-8FF3-DF738A2A8444}.Release|Any CPU.ActiveCfg = Release|Any CPU
		{1B8A1CDD-87DF-480F-8FF3-DF738A2A8444}.Release|Any CPU.Build.0 = Release|Any CPU
	EndGlobalSection
	GlobalSection(SolutionProperties) = preSolution
		HideSolutionNode = FALSE
	EndGlobalSection
	GlobalSection(ExtensibilityGlobals) = postSolution
		SolutionGuid = {70FEC5B6-E574-4D97-A34D-E7CF3F6146E7}
	EndGlobalSection
EndGlobal
